
Microsoft Visual Studio Solution File, Format Version 12.00
# Visual Studio 2013
Project("{FAE04EC0-301F-11D3-BF4B-00C04F79EFBC}") = "DynamicNativePlugins.CSharp", "DynamicNativePlugins.CSharp.csproj", "{0497CA10-B46D-A618-EC18-5A69AB76B1DF}"
EndProject
Global
	GlobalSection(SolutionConfigurationPlatforms) = preSolution
		Debug|Any CPU = Debug|Any CPU
		Release|Any CPU = Release|Any CPU
	EndGlobalSection
	GlobalSection(ProjectConfigurationPlatforms) = postSolution
		{0497CA10-B46D-A618-EC18-5A69AB76B1DF}.Debug|Any CPU.ActiveCfg = Debug|Any CPU
		{0497CA10-B46D-A618-EC18-5A69AB76B1DF}.Debug|Any CPU.Build.0 = Debug|Any CPU
		{0497CA10-B46D-A618-EC18-5A69AB76B1DF}.Release|Any CPU.ActiveCfg = Release|Any CPU
		{0497CA10-B46D-A618-EC18-5A69AB76B1DF}.Release|Any CPU.Build.0 = Release|Any CPU
	EndGlobalSection
	GlobalSection(SolutionProperties) = preSolution
		HideSolutionNode = FALSE
	EndGlobalSection
EndGlobal
